
Microsoft Visual Studio Solution File, Format Version 12.00
# Visual Studio Version 16
VisualStudioVersion = 16.0.29905.134
MinimumVisualStudioVersion = 10.0.40219.1
Project("{9A19103F-16F7-4668-BE54-9A1E7A4F7556}") = "CursoCSharp", "CursoCSharp\CursoCSharp.csproj", "{1986D613-ABC0-4AA5-B3BB-61F9CEDBC0F0}"
EndProject
Project("{FAE04EC0-301F-11D3-BF4B-00C04F79EFBC}") = "EncapsulamentoOO", "EncapsulamentoOO\EncapsulamentoOO.csproj", "{4E8789D4-01D0-4CA3-8D24-900F66A87AE5}"
EndProject
Global
	GlobalSection(SolutionConfigurationPlatforms) = preSolution
		Debug|Any CPU = Debug|Any CPU
		Release|Any CPU = Release|Any CPU
	EndGlobalSection
	GlobalSection(ProjectConfigurationPlatforms) = postSolution
		{1986D613-ABC0-4AA5-B3BB-61F9CEDBC0F0}.Debug|Any CPU.ActiveCfg = Debug|Any CPU
		{1986D613-ABC0-4AA5-B3BB-61F9CEDBC0F0}.Debug|Any CPU.Build.0 = Debug|Any CPU
		{1986D613-ABC0-4AA5-B3BB-61F9CEDBC0F0}.Release|Any CPU.ActiveCfg = Release|Any CPU
		{1986D613-ABC0-4AA5-B3BB-61F9CEDBC0F0}.Release|Any CPU.Build.0 = Release|Any CPU
		{4E8789D4-01D0-4CA3-8D24-900F66A87AE5}.Debug|Any CPU.ActiveCfg = Debug|Any CPU
		{4E8789D4-01D0-4CA3-8D24-900F66A87AE5}.Debug|Any CPU.Build.0 = Debug|Any CPU
		{4E8789D4-01D0-4CA3-8D24-900F66A87AE5}.Release|Any CPU.ActiveCfg = Release|Any CPU
		{4E8789D4-01D0-4CA3-8D24-900F66A87AE5}.Release|Any CPU.Build.0 = Release|Any CPU
	EndGlobalSection
	GlobalSection(SolutionProperties) = preSolution
		HideSolutionNode = FALSE
	EndGlobalSection
	GlobalSection(ExtensibilityGlobals) = postSolution
		SolutionGuid = {D49FB356-06E0-420F-ABEC-81B845851D1C}
	EndGlobalSection
EndGlobal
