
Microsoft Visual Studio Solution File, Format Version 12.00
# Visual Studio 15
VisualStudioVersion = 15.0.28010.2050
MinimumVisualStudioVersion = 10.0.40219.1
Project("{FAE04EC0-301F-11D3-BF4B-00C04F79EFBC}") = "Signa.InterfaceCliente.Api", "Signa.InterfaceCliente.Api\Signa.InterfaceCliente.Api.csproj", "{36FAB238-F571-4470-8AEC-E1C67A3192B2}"
EndProject
Global
	GlobalSection(SolutionConfigurationPlatforms) = preSolution
		Debug|Any CPU = Debug|Any CPU
		Release|Any CPU = Release|Any CPU
	EndGlobalSection
	GlobalSection(ProjectConfigurationPlatforms) = postSolution
		{36FAB238-F571-4470-8AEC-E1C67A3192B2}.Debug|Any CPU.ActiveCfg = Debug|Any CPU
		{36FAB238-F571-4470-8AEC-E1C67A3192B2}.Debug|Any CPU.Build.0 = Debug|Any CPU
		{36FAB238-F571-4470-8AEC-E1C67A3192B2}.Release|Any CPU.ActiveCfg = Release|Any CPU
		{36FAB238-F571-4470-8AEC-E1C67A3192B2}.Release|Any CPU.Build.0 = Release|Any CPU
	EndGlobalSection
	GlobalSection(SolutionProperties) = preSolution
		HideSolutionNode = FALSE
	EndGlobalSection
	GlobalSection(ExtensibilityGlobals) = postSolution
		SolutionGuid = {4280F1CE-C583-4C6E-87E4-F6422A0A3CE4}
	EndGlobalSection
EndGlobal
