
Microsoft Visual Studio Solution File, Format Version 12.00
# Visual Studio 15
VisualStudioVersion = 15.0.28307.329
MinimumVisualStudioVersion = 10.0.40219.1
Project("{9A19103F-16F7-4668-BE54-9A1E7A4F7556}") = "Loja.Domain", "Loja.Domain\Loja.Domain.csproj", "{8A76918D-9596-4CC3-BF34-7EC602674008}"
EndProject
Project("{9A19103F-16F7-4668-BE54-9A1E7A4F7556}") = "Loja.Web", "Loja.Web\Loja.Web.csproj", "{766D6BCD-5BF8-4284-90DE-D4136929A8BC}"
EndProject
Project("{FAE04EC0-301F-11D3-BF4B-00C04F79EFBC}") = "Loja.SQL", "Loja.SQL\Loja.SQL.csproj", "{2A5A7283-E666-465F-A144-11208A3859D9}"
EndProject
Global
	GlobalSection(SolutionConfigurationPlatforms) = preSolution
		Debug|Any CPU = Debug|Any CPU
		Release|Any CPU = Release|Any CPU
	EndGlobalSection
	GlobalSection(ProjectConfigurationPlatforms) = postSolution
		{8A76918D-9596-4CC3-BF34-7EC602674008}.Debug|Any CPU.ActiveCfg = Debug|Any CPU
		{8A76918D-9596-4CC3-BF34-7EC602674008}.Debug|Any CPU.Build.0 = Debug|Any CPU
		{8A76918D-9596-4CC3-BF34-7EC602674008}.Release|Any CPU.ActiveCfg = Release|Any CPU
		{8A76918D-9596-4CC3-BF34-7EC602674008}.Release|Any CPU.Build.0 = Release|Any CPU
		{766D6BCD-5BF8-4284-90DE-D4136929A8BC}.Debug|Any CPU.ActiveCfg = Debug|Any CPU
		{766D6BCD-5BF8-4284-90DE-D4136929A8BC}.Debug|Any CPU.Build.0 = Debug|Any CPU
		{766D6BCD-5BF8-4284-90DE-D4136929A8BC}.Release|Any CPU.ActiveCfg = Release|Any CPU
		{766D6BCD-5BF8-4284-90DE-D4136929A8BC}.Release|Any CPU.Build.0 = Release|Any CPU
		{2A5A7283-E666-465F-A144-11208A3859D9}.Debug|Any CPU.ActiveCfg = Debug|Any CPU
		{2A5A7283-E666-465F-A144-11208A3859D9}.Debug|Any CPU.Build.0 = Debug|Any CPU
		{2A5A7283-E666-465F-A144-11208A3859D9}.Release|Any CPU.ActiveCfg = Release|Any CPU
		{2A5A7283-E666-465F-A144-11208A3859D9}.Release|Any CPU.Build.0 = Release|Any CPU
	EndGlobalSection
	GlobalSection(SolutionProperties) = preSolution
		HideSolutionNode = FALSE
	EndGlobalSection
	GlobalSection(ExtensibilityGlobals) = postSolution
		SolutionGuid = {954C92AC-8CCF-49E9-BD14-DEBD389334AD}
	EndGlobalSection
EndGlobal
