
Microsoft Visual Studio Solution File, Format Version 12.00
# Visual Studio 15
VisualStudioVersion = 15.0.28010.2050
MinimumVisualStudioVersion = 10.0.40219.1
Project("{FAE04EC0-301F-11D3-BF4B-00C04F79EFBC}") = "WebApplication1", "WebApplication1\WebApplication1.csproj", "{425924CC-240C-4F30-BD72-086E46DBA400}"
EndProject
Project("{FAE04EC0-301F-11D3-BF4B-00C04F79EFBC}") = "WAPendencia", "..\..\..\..\..\Fontes\Signa_Pendencia\DOTNET\Intranet\Services\WAPendencia\WAPendencia\WAPendencia.csproj", "{80479709-2BE1-416F-82A9-D1E3BB917824}"
EndProject
Global
	GlobalSection(SolutionConfigurationPlatforms) = preSolution
		Debug|Any CPU = Debug|Any CPU
		Release|Any CPU = Release|Any CPU
	EndGlobalSection
	GlobalSection(ProjectConfigurationPlatforms) = postSolution
		{425924CC-240C-4F30-BD72-086E46DBA400}.Debug|Any CPU.ActiveCfg = Debug|Any CPU
		{425924CC-240C-4F30-BD72-086E46DBA400}.Debug|Any CPU.Build.0 = Debug|Any CPU
		{425924CC-240C-4F30-BD72-086E46DBA400}.Release|Any CPU.ActiveCfg = Release|Any CPU
		{425924CC-240C-4F30-BD72-086E46DBA400}.Release|Any CPU.Build.0 = Release|Any CPU
		{80479709-2BE1-416F-82A9-D1E3BB917824}.Debug|Any CPU.ActiveCfg = Debug|Any CPU
		{80479709-2BE1-416F-82A9-D1E3BB917824}.Debug|Any CPU.Build.0 = Debug|Any CPU
		{80479709-2BE1-416F-82A9-D1E3BB917824}.Release|Any CPU.ActiveCfg = Release|Any CPU
		{80479709-2BE1-416F-82A9-D1E3BB917824}.Release|Any CPU.Build.0 = Release|Any CPU
	EndGlobalSection
	GlobalSection(SolutionProperties) = preSolution
		HideSolutionNode = FALSE
	EndGlobalSection
	GlobalSection(ExtensibilityGlobals) = postSolution
		SolutionGuid = {EC2518A8-A869-4A93-9A2B-749E9C7CF1C9}
	EndGlobalSection
EndGlobal
