
Microsoft Visual Studio Solution File, Format Version 12.00
# Visual Studio Version 17
VisualStudioVersion = 17.13.35931.197
MinimumVisualStudioVersion = 10.0.40219.1
Project("{FAE04EC0-301F-11D3-BF4B-00C04F79EFBC}") = "AgendaUIDesktop", "Agenda\AgendaUIDesktop.csproj", "{7BBBFDA9-61EA-4566-88FF-FA17E6787D66}"
EndProject
Project("{FAE04EC0-301F-11D3-BF4B-00C04F79EFBC}") = "Agenda.DAL", "Agenda.DAL\Agenda.DAL.csproj", "{9AC1B2B6-8D9D-42E8-97FF-95B492C7CFD7}"
EndProject
Project("{FAE04EC0-301F-11D3-BF4B-00C04F79EFBC}") = "Agenda.DAL.Test", "Agenda.DAL.Test\Agenda.DAL.Test.csproj", "{8F8446CD-038E-49D1-A13C-6552E0DCFD7D}"
EndProject
Project("{FAE04EC0-301F-11D3-BF4B-00C04F79EFBC}") = "Agenda.Domain", "Agenda.Domain\Agenda.Domain.csproj", "{A7B02C71-AD8A-48C0-B454-3EB471D7EA2B}"
EndProject
Project("{FAE04EC0-301F-11D3-BF4B-00C04F79EFBC}") = "Agenda.Repos", "Agenda.Repos\Agenda.Repos.csproj", "{E4F5F4FD-DFEA-4C5C-8898-9EDDD4FF507D}"
EndProject
Global
	GlobalSection(SolutionConfigurationPlatforms) = preSolution
		Debug|Any CPU = Debug|Any CPU
		Release|Any CPU = Release|Any CPU
	EndGlobalSection
	GlobalSection(ProjectConfigurationPlatforms) = postSolution
		{7BBBFDA9-61EA-4566-88FF-FA17E6787D66}.Debug|Any CPU.ActiveCfg = Debug|Any CPU
		{7BBBFDA9-61EA-4566-88FF-FA17E6787D66}.Debug|Any CPU.Build.0 = Debug|Any CPU
		{7BBBFDA9-61EA-4566-88FF-FA17E6787D66}.Release|Any CPU.ActiveCfg = Release|Any CPU
		{7BBBFDA9-61EA-4566-88FF-FA17E6787D66}.Release|Any CPU.Build.0 = Release|Any CPU
		{9AC1B2B6-8D9D-42E8-97FF-95B492C7CFD7}.Debug|Any CPU.ActiveCfg = Debug|Any CPU
		{9AC1B2B6-8D9D-42E8-97FF-95B492C7CFD7}.Debug|Any CPU.Build.0 = Debug|Any CPU
		{9AC1B2B6-8D9D-42E8-97FF-95B492C7CFD7}.Release|Any CPU.ActiveCfg = Release|Any CPU
		{9AC1B2B6-8D9D-42E8-97FF-95B492C7CFD7}.Release|Any CPU.Build.0 = Release|Any CPU
		{8F8446CD-038E-49D1-A13C-6552E0DCFD7D}.Debug|Any CPU.ActiveCfg = Debug|Any CPU
		{8F8446CD-038E-49D1-A13C-6552E0DCFD7D}.Debug|Any CPU.Build.0 = Debug|Any CPU
		{8F8446CD-038E-49D1-A13C-6552E0DCFD7D}.Release|Any CPU.ActiveCfg = Release|Any CPU
		{8F8446CD-038E-49D1-A13C-6552E0DCFD7D}.Release|Any CPU.Build.0 = Release|Any CPU
		{A7B02C71-AD8A-48C0-B454-3EB471D7EA2B}.Debug|Any CPU.ActiveCfg = Debug|Any CPU
		{A7B02C71-AD8A-48C0-B454-3EB471D7EA2B}.Debug|Any CPU.Build.0 = Debug|Any CPU
		{A7B02C71-AD8A-48C0-B454-3EB471D7EA2B}.Release|Any CPU.ActiveCfg = Release|Any CPU
		{A7B02C71-AD8A-48C0-B454-3EB471D7EA2B}.Release|Any CPU.Build.0 = Release|Any CPU
		{E4F5F4FD-DFEA-4C5C-8898-9EDDD4FF507D}.Debug|Any CPU.ActiveCfg = Debug|Any CPU
		{E4F5F4FD-DFEA-4C5C-8898-9EDDD4FF507D}.Debug|Any CPU.Build.0 = Debug|Any CPU
		{E4F5F4FD-DFEA-4C5C-8898-9EDDD4FF507D}.Release|Any CPU.ActiveCfg = Release|Any CPU
		{E4F5F4FD-DFEA-4C5C-8898-9EDDD4FF507D}.Release|Any CPU.Build.0 = Release|Any CPU
	EndGlobalSection
	GlobalSection(SolutionProperties) = preSolution
		HideSolutionNode = FALSE
	EndGlobalSection
	GlobalSection(ExtensibilityGlobals) = postSolution
		SolutionGuid = {0932403F-67C9-4717-BC52-840E254B2DE1}
	EndGlobalSection
EndGlobal
